
Microsoft Visual Studio Solution File, Format Version 12.00
# Visual Studio 15
VisualStudioVersion = 15.0.27703.2018
MinimumVisualStudioVersion = 10.0.40219.1
Project("{9A19103F-16F7-4668-BE54-9A1E7A4F7556}") = "MediaServicePlatform", "MediaServicePlatform\MediaServicePlatform.csproj", "{E95DF49C-41E5-4B66-A2F4-1351E769D56F}"
EndProject
Project("{9A19103F-16F7-4668-BE54-9A1E7A4F7556}") = "Tests", "Tests\Tests.csproj", "{A537A2E4-0D09-46EF-8117-C1B0F9F14420}"
EndProject
Project("{9A19103F-16F7-4668-BE54-9A1E7A4F7556}") = "Runnables", "Runnables\Runnables.csproj", "{43BFA951-9259-4C91-B26A-CF6219B0C3C7}"
EndProject
Project("{FAE04EC0-301F-11D3-BF4B-00C04F79EFBC}") = "Core", "Core\Core.csproj", "{7FF56559-7843-4C04-A265-2C849A2044AA}"
EndProject
Global
	GlobalSection(SolutionConfigurationPlatforms) = preSolution
		Debug|Any CPU = Debug|Any CPU
		Release|Any CPU = Release|Any CPU
	EndGlobalSection
	GlobalSection(ProjectConfigurationPlatforms) = postSolution
		{E95DF49C-41E5-4B66-A2F4-1351E769D56F}.Debug|Any CPU.ActiveCfg = Debug|Any CPU
		{E95DF49C-41E5-4B66-A2F4-1351E769D56F}.Debug|Any CPU.Build.0 = Debug|Any CPU
		{E95DF49C-41E5-4B66-A2F4-1351E769D56F}.Release|Any CPU.ActiveCfg = Release|Any CPU
		{E95DF49C-41E5-4B66-A2F4-1351E769D56F}.Release|Any CPU.Build.0 = Release|Any CPU
		{A537A2E4-0D09-46EF-8117-C1B0F9F14420}.Debug|Any CPU.ActiveCfg = Debug|Any CPU
		{A537A2E4-0D09-46EF-8117-C1B0F9F14420}.Debug|Any CPU.Build.0 = Debug|Any CPU
		{A537A2E4-0D09-46EF-8117-C1B0F9F14420}.Release|Any CPU.ActiveCfg = Release|Any CPU
		{A537A2E4-0D09-46EF-8117-C1B0F9F14420}.Release|Any CPU.Build.0 = Release|Any CPU
		{43BFA951-9259-4C91-B26A-CF6219B0C3C7}.Debug|Any CPU.ActiveCfg = Debug|Any CPU
		{43BFA951-9259-4C91-B26A-CF6219B0C3C7}.Debug|Any CPU.Build.0 = Debug|Any CPU
		{43BFA951-9259-4C91-B26A-CF6219B0C3C7}.Release|Any CPU.ActiveCfg = Release|Any CPU
		{43BFA951-9259-4C91-B26A-CF6219B0C3C7}.Release|Any CPU.Build.0 = Release|Any CPU
		{7FF56559-7843-4C04-A265-2C849A2044AA}.Debug|Any CPU.ActiveCfg = Debug|Any CPU
		{7FF56559-7843-4C04-A265-2C849A2044AA}.Debug|Any CPU.Build.0 = Debug|Any CPU
		{7FF56559-7843-4C04-A265-2C849A2044AA}.Release|Any CPU.ActiveCfg = Release|Any CPU
		{7FF56559-7843-4C04-A265-2C849A2044AA}.Release|Any CPU.Build.0 = Release|Any CPU
	EndGlobalSection
	GlobalSection(SolutionProperties) = preSolution
		HideSolutionNode = FALSE
	EndGlobalSection
	GlobalSection(ExtensibilityGlobals) = postSolution
		SolutionGuid = {3E9980EE-F6E6-409C-8C15-5638BCA44158}
	EndGlobalSection
EndGlobal
